// !$*UTF8*$!
{
	archiveVersion = 1;
	classes = {
	};
	objectVersion = 46;
	objects = {

/* Begin PBXBuildFile section */
		989C97BC1AD123C700190A0F /* MyRSA.cpp in Sources */ = {isa = PBXBuildFile; fileRef = 989C97BA1AD123C700190A0F /* MyRSA.cpp */; };
		989C97C91AD165A400190A0F /* libcrypto.dylib in Frameworks */ = {isa = PBXBuildFile; fileRef = 989C97C81AD165A400190A0F /* libcrypto.dylib */; };
		98F5170D1AD0304F00F5669D /* main.cpp in Sources */ = {isa = PBXBuildFile; fileRef = 98F5170C1AD0304F00F5669D /* main.cpp */; };
		98F517171AD03AFF00F5669D /* Key.cpp in Sources */ = {isa = PBXBuildFile; fileRef = 98F517151AD03AFF00F5669D /* Key.cpp */; };
/* End PBXBuildFile section */

/* Begin PBXCopyFilesBuildPhase section */
		98F517071AD0304F00F5669D /* CopyFiles */ = {
			isa = PBXCopyFilesBuildPhase;
			buildActionMask = 2147483647;
			dstPath = /usr/share/man/man1/;
			dstSubfolderSpec = 0;
			files = (
			);
			runOnlyForDeploymentPostprocessing = 1;
		};
/* End PBXCopyFilesBuildPhase section */

/* Begin PBXFileReference section */
		989C97BA1AD123C700190A0F /* MyRSA.cpp */ = {isa = PBXFileReference; fileEncoding = 4; lastKnownFileType = sourcecode.cpp.cpp; path = MyRSA.cpp; sourceTree = "<group>"; };
		989C97BB1AD123C700190A0F /* MyRSA.h */ = {isa = PBXFileReference; fileEncoding = 4; lastKnownFileType = sourcecode.c.h; path = MyRSA.h; sourceTree = "<group>"; };
		989C97C81AD165A400190A0F /* libcrypto.dylib */ = {isa = PBXFileReference; lastKnownFileType = "compiled.mach-o.dylib"; name = libcrypto.dylib; path = usr/lib/libcrypto.dylib; sourceTree = SDKROOT; };
		98F517091AD0304F00F5669D /* openssl */ = {isa = PBXFileReference; explicitFileType = "compiled.mach-o.executable"; includeInIndex = 0; path = openssl; sourceTree = BUILT_PRODUCTS_DIR; };
		98F5170C1AD0304F00F5669D /* main.cpp */ = {isa = PBXFileReference; lastKnownFileType = sourcecode.cpp.cpp; path = main.cpp; sourceTree = "<group>"; };
		98F517131AD0357100F5669D /* public.pem */ = {isa = PBXFileReference; fileEncoding = 4; lastKnownFileType = text; path = public.pem; sourceTree = "<group>"; };
		98F517141AD0357100F5669D /* private.pem */ = {isa = PBXFileReference; fileEncoding = 4; lastKnownFileType = text; path = private.pem; sourceTree = "<group>"; };
		98F517151AD03AFF00F5669D /* Key.cpp */ = {isa = PBXFileReference; fileEncoding = 4; lastKnownFileType = sourcecode.cpp.cpp; path = Key.cpp; sourceTree = "<group>"; };
		98F517161AD03AFF00F5669D /* Key.h */ = {isa = PBXFileReference; fileEncoding = 4; lastKnownFileType = sourcecode.c.h; path = Key.h; sourceTree = "<group>"; };
/* End PBXFileReference section */

/* Begin PBXFrameworksBuildPhase section */
		98F517061AD0304F00F5669D /* Frameworks */ = {
			isa = PBXFrameworksBuildPhase;
			buildActionMask = 2147483647;
			files = (
				989C97C91AD165A400190A0F /* libcrypto.dylib in Frameworks */,
			);
			runOnlyForDeploymentPostprocessing = 0;
		};
/* End PBXFrameworksBuildPhase section */

/* Begin PBXGroup section */
		98F517001AD0304F00F5669D = {
			isa = PBXGroup;
			children = (
				989C97C81AD165A400190A0F /* libcrypto.dylib */,
				98F5170B1AD0304F00F5669D /* openssl */,
				98F5170A1AD0304F00F5669D /* Products */,
			);
			sourceTree = "<group>";
		};
		98F5170A1AD0304F00F5669D /* Products */ = {
			isa = PBXGroup;
			children = (
				98F517091AD0304F00F5669D /* openssl */,
			);
			name = Products;
			sourceTree = "<group>";
		};
		98F5170B1AD0304F00F5669D /* openssl */ = {
			isa = PBXGroup;
			children = (
				98F5170C1AD0304F00F5669D /* main.cpp */,
				989C97BB1AD123C700190A0F /* MyRSA.h */,
				989C97BA1AD123C700190A0F /* MyRSA.cpp */,
				98F517161AD03AFF00F5669D /* Key.h */,
				98F517151AD03AFF00F5669D /* Key.cpp */,
				98F517131AD0357100F5669D /* public.pem */,
				98F517141AD0357100F5669D /* private.pem */,
			);
			path = openssl;
			sourceTree = "<group>";
		};
/* End PBXGroup section */

/* Begin PBXNativeTarget section */
		98F517081AD0304F00F5669D /* openssl */ = {
			isa = PBXNativeTarget;
			buildConfigurationList = 98F517101AD0304F00F5669D /* Build configuration list for PBXNativeTarget "openssl" */;
			buildPhases = (
				98F517051AD0304F00F5669D /* Sources */,
				98F517061AD0304F00F5669D /* Frameworks */,
				98F517071AD0304F00F5669D /* CopyFiles */,
			);
			buildRules = (
			);
			dependencies = (
			);
			name = openssl;
			productName = openssl;
			productReference = 98F517091AD0304F00F5669D /* openssl */;
			productType = "com.apple.product-type.tool";
		};
/* End PBXNativeTarget section */

/* Begin PBXProject section */
		98F517011AD0304F00F5669D /* Project object */ = {
			isa = PBXProject;
			attributes = {
				LastUpgradeCheck = 0620;
				ORGANIZATIONNAME = com.dongxinbao;
				TargetAttributes = {
					98F517081AD0304F00F5669D = {
						CreatedOnToolsVersion = 6.2;
					};
				};
			};
			buildConfigurationList = 98F517041AD0304F00F5669D /* Build configuration list for PBXProject "openssl" */;
			compatibilityVersion = "Xcode 3.2";
			developmentRegion = English;
			hasScannedForEncodings = 0;
			knownRegions = (
				en,
			);
			mainGroup = 98F517001AD0304F00F5669D;
			productRefGroup = 98F5170A1AD0304F00F5669D /* Products */;
			projectDirPath = "";
			projectRoot = "";
			targets = (
				98F517081AD0304F00F5669D /* openssl */,
			);
		};
/* End PBXProject section */

/* Begin PBXSourcesBuildPhase section */
		98F517051AD0304F00F5669D /* Sources */ = {
			isa = PBXSourcesBuildPhase;
			buildActionMask = 2147483647;
			files = (
				989C97BC1AD123C700190A0F /* MyRSA.cpp in Sources */,
				98F5170D1AD0304F00F5669D /* main.cpp in Sources */,
				98F517171AD03AFF00F5669D /* Key.cpp in Sources */,
			);
			runOnlyForDeploymentPostprocessing = 0;
		};
/* End PBXSourcesBuildPhase section */

/* Begin XCBuildConfiguration section */
		98F5170E1AD0304F00F5669D /* Debug */ = {
			isa = XCBuildConfiguration;
			buildSettings = {
				ALWAYS_SEARCH_USER_PATHS = NO;
				CLANG_CXX_LANGUAGE_STANDARD = "gnu++0x";
				CLANG_CXX_LIBRARY = "libc++";
				CLANG_ENABLE_MODULES = YES;
				CLANG_ENABLE_OBJC_ARC = YES;
				CLANG_WARN_BOOL_CONVERSION = YES;
				CLANG_WARN_CONSTANT_CONVERSION = YES;
				CLANG_WARN_DIRECT_OBJC_ISA_USAGE = YES_ERROR;
				CLANG_WARN_EMPTY_BODY = YES;
				CLANG_WARN_ENUM_CONVERSION = YES;
				CLANG_WARN_INT_CONVERSION = YES;
				CLANG_WARN_OBJC_ROOT_CLASS = YES_ERROR;
				CLANG_WARN_UNREACHABLE_CODE = YES;
				CLANG_WARN__DUPLICATE_METHOD_MATCH = YES;
				COPY_PHASE_STRIP = NO;
				ENABLE_STRICT_OBJC_MSGSEND = YES;
				GCC_C_LANGUAGE_STANDARD = gnu99;
				GCC_DYNAMIC_NO_PIC = NO;
				GCC_OPTIMIZATION_LEVEL = 0;
				GCC_PREPROCESSOR_DEFINITIONS = (
					"DEBUG=1",
					"$(inherited)",
				);
				GCC_SYMBOLS_PRIVATE_EXTERN = NO;
				GCC_WARN_64_TO_32_BIT_CONVERSION = YES;
				GCC_WARN_ABOUT_RETURN_TYPE = YES_ERROR;
				GCC_WARN_UNDECLARED_SELECTOR = YES;
				GCC_WARN_UNINITIALIZED_AUTOS = YES_AGGRESSIVE;
				GCC_WARN_UNUSED_FUNCTION = YES;
				GCC_WARN_UNUSED_VARIABLE = YES;
				MACOSX_DEPLOYMENT_TARGET = 10.10;
				MTL_ENABLE_DEBUG_INFO = YES;
				ONLY_ACTIVE_ARCH = YES;
				SDKROOT = macosx;
			};
			name = Debug;
		};
		98F5170F1AD0304F00F5669D /* Release */ = {
			isa = XCBuildConfiguration;
			buildSettings = {
				ALWAYS_SEARCH_USER_PATHS = NO;
				CLANG_CXX_LANGUAGE_STANDARD = "gnu++0x";
				CLANG_CXX_LIBRARY = "libc++";
				CLANG_ENABLE_MODULES = YES;
				CLANG_ENABLE_OBJC_ARC = YES;
				CLANG_WARN_BOOL_CONVERSION = YES;
				CLANG_WARN_CONSTANT_CONVERSION = YES;
				CLANG_WARN_DIRECT_OBJC_ISA_USAGE = YES_ERROR;
				CLANG_WARN_EMPTY_BODY = YES;
				CLANG_WARN_ENUM_CONVERSION = YES;
				CLANG_WARN_INT_CONVERSION = YES;
				CLANG_WARN_OBJC_ROOT_CLASS = YES_ERROR;
				CLANG_WARN_UNREACHABLE_CODE = YES;
				CLANG_WARN__DUPLICATE_METHOD_MATCH = YES;
				COPY_PHASE_STRIP = NO;
				DEBUG_INFORMATION_FORMAT = "dwarf-with-dsym";
				ENABLE_NS_ASSERTIONS = NO;
				ENABLE_STRICT_OBJC_MSGSEND = YES;
				GCC_C_LANGUAGE_STANDARD = gnu99;
				GCC_WARN_64_TO_32_BIT_CONVERSION = YES;
				GCC_WARN_ABOUT_RETURN_TYPE = YES_ERROR;
				GCC_WARN_UNDECLARED_SELECTOR = YES;
				GCC_WARN_UNINITIALIZED_AUTOS = YES_AGGRESSIVE;
				GCC_WARN_UNUSED_FUNCTION = YES;
				GCC_WARN_UNUSED_VARIABLE = YES;
				MACOSX_DEPLOYMENT_TARGET = 10.10;
				MTL_ENABLE_DEBUG_INFO = NO;
				SDKROOT = macosx;
			};
			name = Release;
		};
		98F517111AD0304F00F5669D /* Debug */ = {
			isa = XCBuildConfiguration;
			buildSettings = {
				ARCHS = "$(ARCHS_STANDARD_32_BIT)";
				LIBRARY_SEARCH_PATHS = (
					"$(inherited)",
					"/Users/desolate/Downloads/openssl-1.0.2a",
					"$(PROJECT_DIR)/openssl",
				);
				PRODUCT_NAME = "$(TARGET_NAME)";
			};
			name = Debug;
		};
		98F517121AD0304F00F5669D /* Release */ = {
			isa = XCBuildConfiguration;
			buildSettings = {
				ARCHS = "$(ARCHS_STANDARD_32_BIT)";
				LIBRARY_SEARCH_PATHS = (
					"$(inherited)",
					"/Users/desolate/Downloads/openssl-1.0.2a",
					"$(PROJECT_DIR)/openssl",
				);
				PRODUCT_NAME = "$(TARGET_NAME)";
			};
			name = Release;
		};
/* End XCBuildConfiguration section */

/* Begin XCConfigurationList section */
		98F517041AD0304F00F5669D /* Build configuration list for PBXProject "openssl" */ = {
			isa = XCConfigurationList;
			buildConfigurations = (
				98F5170E1AD0304F00F5669D /* Debug */,
				98F5170F1AD0304F00F5669D /* Release */,
			);
			defaultConfigurationIsVisible = 0;
			defaultConfigurationName = Release;
		};
		98F517101AD0304F00F5669D /* Build configuration list for PBXNativeTarget "openssl" */ = {
			isa = XCConfigurationList;
			buildConfigurations = (
				98F517111AD0304F00F5669D /* Debug */,
				98F517121AD0304F00F5669D /* Release */,
			);
			defaultConfigurationIsVisible = 0;
			defaultConfigurationName = Release;
		};
/* End XCConfigurationList section */
	};
	rootObject = 98F517011AD0304F00F5669D /* Project object */;
}
